<Solution>
  <Project Path="Kaeo LLM Proxy.csproj" Type="C#" />
  <Project Path="Kaeo LLM Proxy Modules\Kaeo LLM Proxy Modules.csproj" Type="C#" />
  <Project Path="Kaeo LLM Proxy Web Search\Kaeo LLM Proxy Web Search.csproj" Type="C#" />
  <Project Path="Kaeo LLM Proxy SSH\Kaeo LLM Proxy SSH.csproj" Type="C#" />
  <Project Path="Kaeo LLM Proxy.Tests\Kaeo LLM Proxy.Tests.csproj" Type="C#" />
</Solution>

